
Microsoft Visual Studio Solution File, Format Version 12.00
# Visual Studio 14
VisualStudioVersion = 14.0.25420.1
MinimumVisualStudioVersion = 10.0.40219.1
Project("{FAE04EC0-301F-11D3-BF4B-00C04F79EFBC}") = "CapaPresentacion", "CapaPresentacion\CapaPresentacion.csproj", "{0603FCE4-53BD-4643-98CE-CF42BA4E7235}"
EndProject
Project("{FAE04EC0-301F-11D3-BF4B-00C04F79EFBC}") = "CapaEntidad", "CapaEntidad\CapaEntidad.csproj", "{D766EB68-5A6B-4719-B604-60E1A87A999C}"
EndProject
Project("{FAE04EC0-301F-11D3-BF4B-00C04F79EFBC}") = "CapaDato", "CapaDato\CapaDato.csproj", "{3B548EDF-2E78-4A86-A5DB-20CFA737CD21}"
EndProject
Project("{FAE04EC0-301F-11D3-BF4B-00C04F79EFBC}") = "ApiCatalogoPago", "ApiCatalogoPago\ApiCatalogoPago.csproj", "{7C5CC3E4-F54A-4DFA-91E3-E2708D9AA745}"
EndProject
Global
	GlobalSection(SolutionConfigurationPlatforms) = preSolution
		Debug|Any CPU = Debug|Any CPU
		Release|Any CPU = Release|Any CPU
	EndGlobalSection
	GlobalSection(ProjectConfigurationPlatforms) = postSolution
		{0603FCE4-53BD-4643-98CE-CF42BA4E7235}.Debug|Any CPU.ActiveCfg = Debug|Any CPU
		{0603FCE4-53BD-4643-98CE-CF42BA4E7235}.Debug|Any CPU.Build.0 = Debug|Any CPU
		{0603FCE4-53BD-4643-98CE-CF42BA4E7235}.Release|Any CPU.ActiveCfg = Release|Any CPU
		{0603FCE4-53BD-4643-98CE-CF42BA4E7235}.Release|Any CPU.Build.0 = Release|Any CPU
		{D766EB68-5A6B-4719-B604-60E1A87A999C}.Debug|Any CPU.ActiveCfg = Debug|Any CPU
		{D766EB68-5A6B-4719-B604-60E1A87A999C}.Debug|Any CPU.Build.0 = Debug|Any CPU
		{D766EB68-5A6B-4719-B604-60E1A87A999C}.Release|Any CPU.ActiveCfg = Release|Any CPU
		{D766EB68-5A6B-4719-B604-60E1A87A999C}.Release|Any CPU.Build.0 = Release|Any CPU
		{3B548EDF-2E78-4A86-A5DB-20CFA737CD21}.Debug|Any CPU.ActiveCfg = Debug|Any CPU
		{3B548EDF-2E78-4A86-A5DB-20CFA737CD21}.Debug|Any CPU.Build.0 = Debug|Any CPU
		{3B548EDF-2E78-4A86-A5DB-20CFA737CD21}.Release|Any CPU.ActiveCfg = Release|Any CPU
		{3B548EDF-2E78-4A86-A5DB-20CFA737CD21}.Release|Any CPU.Build.0 = Release|Any CPU
		{7C5CC3E4-F54A-4DFA-91E3-E2708D9AA745}.Debug|Any CPU.ActiveCfg = Debug|Any CPU
		{7C5CC3E4-F54A-4DFA-91E3-E2708D9AA745}.Debug|Any CPU.Build.0 = Debug|Any CPU
		{7C5CC3E4-F54A-4DFA-91E3-E2708D9AA745}.Release|Any CPU.ActiveCfg = Release|Any CPU
		{7C5CC3E4-F54A-4DFA-91E3-E2708D9AA745}.Release|Any CPU.Build.0 = Release|Any CPU
	EndGlobalSection
	GlobalSection(SolutionProperties) = preSolution
		HideSolutionNode = FALSE
	EndGlobalSection
EndGlobal
